Microsoft Visual Studio Solution File, Format Version 12.00
# Visual Studio Version 17
VisualStudioVersion = 17.0.31903.59
MinimumVisualStudioVersion = 10.0.40219.1
Project("{FAE04EC0-301F-11D3-BF4B-00C04F79EFBC}") = "ExternalIntegrations.OrganizationChart.Api", "API\ExternalIntegrations.OrganizationChart.Api.csproj", "{09F13DBB-416F-459B-AB31-B9E62019DEA9}"
EndProject
Project("{FAE04EC0-301F-11D3-BF4B-00C04F79EFBC}") = "ExternalIntegrations.OrganizationChart.Domain", "Domain\ExternalIntegrations.OrganizationChart.Domain.csproj", "{69D93554-BD20-43E7-86AC-A3933F331F80}"
EndProject
Project("{FAE04EC0-301F-11D3-BF4B-00C04F79EFBC}") = "ExternalIntegrations.OrganizationChart.Infrastructure", "Infrastructure\ExternalIntegrations.OrganizationChart.Infrastructure.csproj", "{841417D5-D925-4AA6-8145-0D3511E1BA48}"
EndProject
Project("{FAE04EC0-301F-11D3-BF4B-00C04F79EFBC}") = "ExternalIntegrations.OrganizationChart.Application", "Application\ExternalIntegrations.OrganizationChart.Application.csproj", "{FB1D1B5C-329D-40E2-B6C6-3DBF660B6F63}"
EndProject
Global
	GlobalSection(SolutionConfigurationPlatforms) = preSolution
		Debug|Any CPU = Debug|Any CPU
		Release|Any CPU = Release|Any CPU
	EndGlobalSection
	GlobalSection(ProjectConfigurationPlatforms) = postSolution
		{09F13DBB-416F-459B-AB31-B9E62019DEA9}.Debug|Any CPU.ActiveCfg = Debug|Any CPU
		{09F13DBB-416F-459B-AB31-B9E62019DEA9}.Debug|Any CPU.Build.0 = Debug|Any CPU
		{09F13DBB-416F-459B-AB31-B9E62019DEA9}.Release|Any CPU.ActiveCfg = Release|Any CPU
		{09F13DBB-416F-459B-AB31-B9E62019DEA9}.Release|Any CPU.Build.0 = Release|Any CPU
		{69D93554-BD20-43E7-86AC-A3933F331F80}.Debug|Any CPU.ActiveCfg = Debug|Any CPU
		{69D93554-BD20-43E7-86AC-A3933F331F80}.Debug|Any CPU.Build.0 = Debug|Any CPU
		{69D93554-BD20-43E7-86AC-A3933F331F80}.Release|Any CPU.ActiveCfg = Release|Any CPU
		{69D93554-BD20-43E7-86AC-A3933F331F80}.Release|Any CPU.Build.0 = Release|Any CPU
		{841417D5-D925-4AA6-8145-0D3511E1BA48}.Debug|Any CPU.ActiveCfg = Debug|Any CPU
		{841417D5-D925-4AA6-8145-0D3511E1BA48}.Debug|Any CPU.Build.0 = Debug|Any CPU
		{841417D5-D925-4AA6-8145-0D3511E1BA48}.Release|Any CPU.ActiveCfg = Release|Any CPU
		{841417D5-D925-4AA6-8145-0D3511E1BA48}.Release|Any CPU.Build.0 = Release|Any CPU
		{FB1D1B5C-329D-40E2-B6C6-3DBF660B6F63}.Debug|Any CPU.ActiveCfg = Debug|Any CPU
		{FB1D1B5C-329D-40E2-B6C6-3DBF660B6F63}.Debug|Any CPU.Build.0 = Debug|Any CPU
		{FB1D1B5C-329D-40E2-B6C6-3DBF660B6F63}.Release|Any CPU.ActiveCfg = Release|Any CPU
		{FB1D1B5C-329D-40E2-B6C6-3DBF660B6F63}.Release|Any CPU.Build.0 = Release|Any CPU
	EndGlobalSection
	GlobalSection(SolutionProperties) = preSolution
		HideSolutionNode = FALSE
	EndGlobalSection
EndGlobal
